// !$*UTF8*$!
{
	archiveVersion = 1;
	classes = {
	};
	objectVersion = 56;
	objects = {

/* Begin PBXBuildFile section */
		794245032CAAA1920048F08C /* UIColor_Extension.swift in Sources */ = {isa = PBXBuildFile; fileRef = 794245022CAAA1920048F08C /* UIColor_Extension.swift */; };
		794245052CABEB460048F08C /* UI_Images.swift in Sources */ = {isa = PBXBuildFile; fileRef = 794245042CABEB460048F08C /* UI_Images.swift */; };
		A7B0F9DF2CAD6F2200ACFF5D /* Model.swift in Sources */ = {isa = PBXBuildFile; fileRef = A7B0F9DE2CAD6F2200ACFF5D /* Model.swift */; };
		A7B0F9E12CAD6F5B00ACFF5D /* ResultView.swift in Sources */ = {isa = PBXBuildFile; fileRef = A7B0F9E02CAD6F5B00ACFF5D /* ResultView.swift */; };
		A7F2F5002CA9A4240025A490 /* AppDelegate.swift in Sources */ = {isa = PBXBuildFile; fileRef = A7F2F4FF2CA9A4240025A490 /* AppDelegate.swift */; };
		A7F2F5022CA9A4240025A490 /* SceneDelegate.swift in Sources */ = {isa = PBXBuildFile; fileRef = A7F2F5012CA9A4240025A490 /* SceneDelegate.swift */; };
		A7F2F5042CA9A4240025A490 /* ViewController.swift in Sources */ = {isa = PBXBuildFile; fileRef = A7F2F5032CA9A4240025A490 /* ViewController.swift */; };
		A7F2F5092CA9A4280025A490 /* Assets.xcassets in Resources */ = {isa = PBXBuildFile; fileRef = A7F2F5082CA9A4280025A490 /* Assets.xcassets */; };
		A7F2F50C2CA9A4280025A490 /* LaunchScreen.storyboard in Resources */ = {isa = PBXBuildFile; fileRef = A7F2F50A2CA9A4280025A490 /* LaunchScreen.storyboard */; };
		A7F2F51C2CA9E63B0025A490 /* StartScreenController.swift in Sources */ = {isa = PBXBuildFile; fileRef = A7F2F51B2CA9E63B0025A490 /* StartScreenController.swift */; };
		A7F2F51E2CA9E6830025A490 /* SelectedGameController.swift in Sources */ = {isa = PBXBuildFile; fileRef = A7F2F51D2CA9E6830025A490 /* SelectedGameController.swift */; };
		A7F2F5202CA9E6AA0025A490 /* SettingGameController.swift in Sources */ = {isa = PBXBuildFile; fileRef = A7F2F51F2CA9E6AA0025A490 /* SettingGameController.swift */; };
		A7F2F5222CA9E6BF0025A490 /* GameController.swift in Sources */ = {isa = PBXBuildFile; fileRef = A7F2F5212CA9E6BF0025A490 /* GameController.swift */; };
		A7F2F5242CA9E6D30025A490 /* HowToPlayController.swift in Sources */ = {isa = PBXBuildFile; fileRef = A7F2F5232CA9E6D30025A490 /* HowToPlayController.swift */; };
		A7F2F5262CA9E6E20025A490 /* ResultController.swift in Sources */ = {isa = PBXBuildFile; fileRef = A7F2F5252CA9E6E20025A490 /* ResultController.swift */; };
		A7F2F5292CAAA2C00025A490 /* UIButton_Extension.swift in Sources */ = {isa = PBXBuildFile; fileRef = A7F2F5282CAAA2C00025A490 /* UIButton_Extension.swift */; };
		A7F2F52B2CAAA34A0025A490 /* NextVC.swift in Sources */ = {isa = PBXBuildFile; fileRef = A7F2F52A2CAAA34A0025A490 /* NextVC.swift */; };
		A7F2F52D2CAAE0C20025A490 /* UILabel_Extension.swift in Sources */ = {isa = PBXBuildFile; fileRef = A7F2F52C2CAAE0C20025A490 /* UILabel_Extension.swift */; };
		A7F2F52F2CAAE7740025A490 /* UIImageView_Extension.swift in Sources */ = {isa = PBXBuildFile; fileRef = A7F2F52E2CAAE7740025A490 /* UIImageView_Extension.swift */; };
		A7F2F5312CAAFC410025A490 /* UIView_Extension.swift in Sources */ = {isa = PBXBuildFile; fileRef = A7F2F5302CAAFC410025A490 /* UIView_Extension.swift */; };
/* End PBXBuildFile section */

/* Begin PBXFileReference section */
		794245022CAAA1920048F08C /* UIColor_Extension.swift */ = {isa = PBXFileReference; lastKnownFileType = sourcecode.swift; path = UIColor_Extension.swift; sourceTree = "<group>"; };
		794245042CABEB460048F08C /* UI_Images.swift */ = {isa = PBXFileReference; lastKnownFileType = sourcecode.swift; path = UI_Images.swift; sourceTree = "<group>"; };
		A7B0F9DE2CAD6F2200ACFF5D /* Model.swift */ = {isa = PBXFileReference; lastKnownFileType = sourcecode.swift; path = Model.swift; sourceTree = "<group>"; };
		A7B0F9E02CAD6F5B00ACFF5D /* ResultView.swift */ = {isa = PBXFileReference; lastKnownFileType = sourcecode.swift; path = ResultView.swift; sourceTree = "<group>"; };
		A7F2F4FC2CA9A4240025A490 /* TicTacToe.app */ = {isa = PBXFileReference; explicitFileType = wrapper.application; includeInIndex = 0; path = TicTacToe.app; sourceTree = BUILT_PRODUCTS_DIR; };
		A7F2F4FF2CA9A4240025A490 /* AppDelegate.swift */ = {isa = PBXFileReference; lastKnownFileType = sourcecode.swift; path = AppDelegate.swift; sourceTree = "<group>"; };
		A7F2F5012CA9A4240025A490 /* SceneDelegate.swift */ = {isa = PBXFileReference; lastKnownFileType = sourcecode.swift; path = SceneDelegate.swift; sourceTree = "<group>"; };
		A7F2F5032CA9A4240025A490 /* ViewController.swift */ = {isa = PBXFileReference; lastKnownFileType = sourcecode.swift; path = ViewController.swift; sourceTree = "<group>"; };
		A7F2F5082CA9A4280025A490 /* Assets.xcassets */ = {isa = PBXFileReference; lastKnownFileType = folder.assetcatalog; path = Assets.xcassets; sourceTree = "<group>"; };
		A7F2F50B2CA9A4280025A490 /* Base */ = {isa = PBXFileReference; lastKnownFileType = file.storyboard; name = Base; path = Base.lproj/LaunchScreen.storyboard; sourceTree = "<group>"; };
		A7F2F50D2CA9A4280025A490 /* Info.plist */ = {isa = PBXFileReference; lastKnownFileType = text.plist.xml; path = Info.plist; sourceTree = "<group>"; };
		A7F2F51B2CA9E63B0025A490 /* StartScreenController.swift */ = {isa = PBXFileReference; lastKnownFileType = sourcecode.swift; path = StartScreenController.swift; sourceTree = "<group>"; };
		A7F2F51D2CA9E6830025A490 /* SelectedGameController.swift */ = {isa = PBXFileReference; lastKnownFileType = sourcecode.swift; path = SelectedGameController.swift; sourceTree = "<group>"; };
		A7F2F51F2CA9E6AA0025A490 /* SettingGameController.swift */ = {isa = PBXFileReference; lastKnownFileType = sourcecode.swift; path = SettingGameController.swift; sourceTree = "<group>"; };
		A7F2F5212CA9E6BF0025A490 /* GameController.swift */ = {isa = PBXFileReference; lastKnownFileType = sourcecode.swift; path = GameController.swift; sourceTree = "<group>"; };
		A7F2F5232CA9E6D30025A490 /* HowToPlayController.swift */ = {isa = PBXFileReference; lastKnownFileType = sourcecode.swift; path = HowToPlayController.swift; sourceTree = "<group>"; };
		A7F2F5252CA9E6E20025A490 /* ResultController.swift */ = {isa = PBXFileReference; lastKnownFileType = sourcecode.swift; path = ResultController.swift; sourceTree = "<group>"; };
		A7F2F5282CAAA2C00025A490 /* UIButton_Extension.swift */ = {isa = PBXFileReference; lastKnownFileType = sourcecode.swift; path = UIButton_Extension.swift; sourceTree = "<group>"; };
		A7F2F52A2CAAA34A0025A490 /* NextVC.swift */ = {isa = PBXFileReference; lastKnownFileType = sourcecode.swift; path = NextVC.swift; sourceTree = "<group>"; };
		A7F2F52C2CAAE0C20025A490 /* UILabel_Extension.swift */ = {isa = PBXFileReference; lastKnownFileType = sourcecode.swift; path = UILabel_Extension.swift; sourceTree = "<group>"; };
		A7F2F52E2CAAE7740025A490 /* UIImageView_Extension.swift */ = {isa = PBXFileReference; lastKnownFileType = sourcecode.swift; path = UIImageView_Extension.swift; sourceTree = "<group>"; };
		A7F2F5302CAAFC410025A490 /* UIView_Extension.swift */ = {isa = PBXFileReference; lastKnownFileType = sourcecode.swift; path = UIView_Extension.swift; sourceTree = "<group>"; };
/* End PBXFileReference section */

/* Begin PBXFrameworksBuildPhase section */
		A7F2F4F92CA9A4240025A490 /* Frameworks */ = {
			isa = PBXFrameworksBuildPhase;
			buildActionMask = 2147483647;
			files = (
			);
			runOnlyForDeploymentPostprocessing = 0;
		};
/* End PBXFrameworksBuildPhase section */

/* Begin PBXGroup section */
		A7F2F4F32CA9A4240025A490 = {
			isa = PBXGroup;
			children = (
				A7F2F4FE2CA9A4240025A490 /* TicTacToe */,
				A7F2F4FD2CA9A4240025A490 /* Products */,
			);
			sourceTree = "<group>";
		};
		A7F2F4FD2CA9A4240025A490 /* Products */ = {
			isa = PBXGroup;
			children = (
				A7F2F4FC2CA9A4240025A490 /* TicTacToe.app */,
			);
			name = Products;
			sourceTree = "<group>";
		};
		A7F2F4FE2CA9A4240025A490 /* TicTacToe */ = {
			isa = PBXGroup;
			children = (
				A7F2F5132CA9AA850025A490 /* App */,
				A7F2F5272CAAA29B0025A490 /* Extensions */,
				A7F2F5032CA9A4240025A490 /* ViewController.swift */,
				A7F2F52A2CAAA34A0025A490 /* NextVC.swift */,
				A7F2F5152CA9AC590025A490 /* StartScreen */,
				A7F2F5162CA9ACBB0025A490 /* SelectedGame */,
				A7F2F5172CA9AD3F0025A490 /* SettingGame */,
				A7F2F5182CA9AD730025A490 /* Game */,
				A7F2F5192CA9AD880025A490 /* HowToPlay */,
				A7F2F51A2CA9AD950025A490 /* Result */,
				A7F2F5142CA9AC210025A490 /* Resources */,
			);
			path = TicTacToe;
			sourceTree = "<group>";
		};
		A7F2F5132CA9AA850025A490 /* App */ = {
			isa = PBXGroup;
			children = (
				A7F2F4FF2CA9A4240025A490 /* AppDelegate.swift */,
				A7F2F5012CA9A4240025A490 /* SceneDelegate.swift */,
				A7F2F50D2CA9A4280025A490 /* Info.plist */,
			);
			path = App;
			sourceTree = "<group>";
		};
		A7F2F5142CA9AC210025A490 /* Resources */ = {
			isa = PBXGroup;
			children = (
				A7F2F5082CA9A4280025A490 /* Assets.xcassets */,
				A7F2F50A2CA9A4280025A490 /* LaunchScreen.storyboard */,
				794245042CABEB460048F08C /* UI_Images.swift */,
			);
			path = Resources;
			sourceTree = "<group>";
		};
		A7F2F5152CA9AC590025A490 /* StartScreen */ = {
			isa = PBXGroup;
			children = (
				A7F2F51B2CA9E63B0025A490 /* StartScreenController.swift */,
			);
			path = StartScreen;
			sourceTree = "<group>";
		};
		A7F2F5162CA9ACBB0025A490 /* SelectedGame */ = {
			isa = PBXGroup;
			children = (
				A7F2F51D2CA9E6830025A490 /* SelectedGameController.swift */,
			);
			path = SelectedGame;
			sourceTree = "<group>";
		};
		A7F2F5172CA9AD3F0025A490 /* SettingGame */ = {
			isa = PBXGroup;
			children = (
				A7F2F51F2CA9E6AA0025A490 /* SettingGameController.swift */,
			);
			path = SettingGame;
			sourceTree = "<group>";
		};
		A7F2F5182CA9AD730025A490 /* Game */ = {
			isa = PBXGroup;
			children = (
				A7F2F5212CA9E6BF0025A490 /* GameController.swift */,
			);
			path = Game;
			sourceTree = "<group>";
		};
		A7F2F5192CA9AD880025A490 /* HowToPlay */ = {
			isa = PBXGroup;
			children = (
				A7F2F5232CA9E6D30025A490 /* HowToPlayController.swift */,
			);
			path = HowToPlay;
			sourceTree = "<group>";
		};
		A7F2F51A2CA9AD950025A490 /* Result */ = {
			isa = PBXGroup;
			children = (
				A7B0F9DE2CAD6F2200ACFF5D /* Model.swift */,
				A7B0F9E02CAD6F5B00ACFF5D /* ResultView.swift */,
				A7F2F5252CA9E6E20025A490 /* ResultController.swift */,
			);
			path = Result;
			sourceTree = "<group>";
		};
		A7F2F5272CAAA29B0025A490 /* Extensions */ = {
			isa = PBXGroup;
			children = (
				794245022CAAA1920048F08C /* UIColor_Extension.swift */,
				A7F2F5282CAAA2C00025A490 /* UIButton_Extension.swift */,
				A7F2F52C2CAAE0C20025A490 /* UILabel_Extension.swift */,
				A7F2F52E2CAAE7740025A490 /* UIImageView_Extension.swift */,
				A7F2F5302CAAFC410025A490 /* UIView_Extension.swift */,
			);
			path = Extensions;
			sourceTree = "<group>";
		};
/* End PBXGroup section */

/* Begin PBXNativeTarget section */
		A7F2F4FB2CA9A4240025A490 /* TicTacToe */ = {
			isa = PBXNativeTarget;
			buildConfigurationList = A7F2F5102CA9A4280025A490 /* Build configuration list for PBXNativeTarget "TicTacToe" */;
			buildPhases = (
				A7F2F4F82CA9A4240025A490 /* Sources */,
				A7F2F4F92CA9A4240025A490 /* Frameworks */,
				A7F2F4FA2CA9A4240025A490 /* Resources */,
			);
			buildRules = (
			);
			dependencies = (
			);
			name = TicTacToe;
			productName = TicTacToe;
			productReference = A7F2F4FC2CA9A4240025A490 /* TicTacToe.app */;
			productType = "com.apple.product-type.application";
		};
/* End PBXNativeTarget section */

/* Begin PBXProject section */
		A7F2F4F42CA9A4240025A490 /* Project object */ = {
			isa = PBXProject;
			attributes = {
				BuildIndependentTargetsInParallel = 1;
				LastSwiftUpdateCheck = 1430;
				LastUpgradeCheck = 1430;
				TargetAttributes = {
					A7F2F4FB2CA9A4240025A490 = {
						CreatedOnToolsVersion = 14.3.1;
					};
				};
			};
			buildConfigurationList = A7F2F4F72CA9A4240025A490 /* Build configuration list for PBXProject "TicTacToe" */;
			compatibilityVersion = "Xcode 14.0";
			developmentRegion = en;
			hasScannedForEncodings = 0;
			knownRegions = (
				en,
				Base,
			);
			mainGroup = A7F2F4F32CA9A4240025A490;
			productRefGroup = A7F2F4FD2CA9A4240025A490 /* Products */;
			projectDirPath = "";
			projectRoot = "";
			targets = (
				A7F2F4FB2CA9A4240025A490 /* TicTacToe */,
			);
		};
/* End PBXProject section */

/* Begin PBXResourcesBuildPhase section */
		A7F2F4FA2CA9A4240025A490 /* Resources */ = {
			isa = PBXResourcesBuildPhase;
			buildActionMask = 2147483647;
			files = (
				A7F2F50C2CA9A4280025A490 /* LaunchScreen.storyboard in Resources */,
				A7F2F5092CA9A4280025A490 /* Assets.xcassets in Resources */,
			);
			runOnlyForDeploymentPostprocessing = 0;
		};
/* End PBXResourcesBuildPhase section */

/* Begin PBXSourcesBuildPhase section */
		A7F2F4F82CA9A4240025A490 /* Sources */ = {
			isa = PBXSourcesBuildPhase;
			buildActionMask = 2147483647;
			files = (
				A7F2F51C2CA9E63B0025A490 /* StartScreenController.swift in Sources */,
				A7F2F52B2CAAA34A0025A490 /* NextVC.swift in Sources */,
				A7F2F52F2CAAE7740025A490 /* UIImageView_Extension.swift in Sources */,
				A7F2F5042CA9A4240025A490 /* ViewController.swift in Sources */,
				A7F2F5262CA9E6E20025A490 /* ResultController.swift in Sources */,
				A7F2F5292CAAA2C00025A490 /* UIButton_Extension.swift in Sources */,
				A7F2F5002CA9A4240025A490 /* AppDelegate.swift in Sources */,
				A7F2F51E2CA9E6830025A490 /* SelectedGameController.swift in Sources */,
				A7F2F5312CAAFC410025A490 /* UIView_Extension.swift in Sources */,
				A7F2F52D2CAAE0C20025A490 /* UILabel_Extension.swift in Sources */,
				A7B0F9DF2CAD6F2200ACFF5D /* Model.swift in Sources */,
				A7B0F9E12CAD6F5B00ACFF5D /* ResultView.swift in Sources */,
				A7F2F5202CA9E6AA0025A490 /* SettingGameController.swift in Sources */,
				A7F2F5022CA9A4240025A490 /* SceneDelegate.swift in Sources */,
				794245032CAAA1920048F08C /* UIColor_Extension.swift in Sources */,
				A7F2F5222CA9E6BF0025A490 /* GameController.swift in Sources */,
				794245052CABEB460048F08C /* UI_Images.swift in Sources */,
				A7F2F5242CA9E6D30025A490 /* HowToPlayController.swift in Sources */,
			);
			runOnlyForDeploymentPostprocessing = 0;
		};
/* End PBXSourcesBuildPhase section */

/* Begin PBXVariantGroup section */
		A7F2F50A2CA9A4280025A490 /* LaunchScreen.storyboard */ = {
			isa = PBXVariantGroup;
			children = (
				A7F2F50B2CA9A4280025A490 /* Base */,
			);
			name = LaunchScreen.storyboard;
			sourceTree = "<group>";
		};
/* End PBXVariantGroup section */

/* Begin XCBuildConfiguration section */
		A7F2F50E2CA9A4280025A490 /* Debug */ = {
			isa = XCBuildConfiguration;
			buildSettings = {
				ALWAYS_SEARCH_USER_PATHS = NO;
				CLANG_ANALYZER_NONNULL = YES;
				CLANG_ANALYZER_NUMBER_OBJECT_CONVERSION = YES_AGGRESSIVE;
				CLANG_CXX_LANGUAGE_STANDARD = "gnu++20";
				CLANG_ENABLE_MODULES = YES;
				CLANG_ENABLE_OBJC_ARC = YES;
				CLANG_ENABLE_OBJC_WEAK = YES;
				CLANG_WARN_BLOCK_CAPTURE_AUTORELEASING = YES;
				CLANG_WARN_BOOL_CONVERSION = YES;
				CLANG_WARN_COMMA = YES;
				CLANG_WARN_CONSTANT_CONVERSION = YES;
				CLANG_WARN_DEPRECATED_OBJC_IMPLEMENTATIONS = YES;
				CLANG_WARN_DIRECT_OBJC_ISA_USAGE = YES_ERROR;
				CLANG_WARN_DOCUMENTATION_COMMENTS = YES;
				CLANG_WARN_EMPTY_BODY = YES;
				CLANG_WARN_ENUM_CONVERSION = YES;
				CLANG_WARN_INFINITE_RECURSION = YES;
				CLANG_WARN_INT_CONVERSION = YES;
				CLANG_WARN_NON_LITERAL_NULL_CONVERSION = YES;
				CLANG_WARN_OBJC_IMPLICIT_RETAIN_SELF = YES;
				CLANG_WARN_OBJC_LITERAL_CONVERSION = YES;
				CLANG_WARN_OBJC_ROOT_CLASS = YES_ERROR;
				CLANG_WARN_QUOTED_INCLUDE_IN_FRAMEWORK_HEADER = YES;
				CLANG_WARN_RANGE_LOOP_ANALYSIS = YES;
				CLANG_WARN_STRICT_PROTOTYPES = YES;
				CLANG_WARN_SUSPICIOUS_MOVE = YES;
				CLANG_WARN_UNGUARDED_AVAILABILITY = YES_AGGRESSIVE;
				CLANG_WARN_UNREACHABLE_CODE = YES;
				CLANG_WARN__DUPLICATE_METHOD_MATCH = YES;
				COPY_PHASE_STRIP = NO;
				DEBUG_INFORMATION_FORMAT = dwarf;
				ENABLE_STRICT_OBJC_MSGSEND = YES;
				ENABLE_TESTABILITY = YES;
				GCC_C_LANGUAGE_STANDARD = gnu11;
				GCC_DYNAMIC_NO_PIC = NO;
				GCC_NO_COMMON_BLOCKS = YES;
				GCC_OPTIMIZATION_LEVEL = 0;
				GCC_PREPROCESSOR_DEFINITIONS = (
					"DEBUG=1",
					"$(inherited)",
				);
				GCC_WARN_64_TO_32_BIT_CONVERSION = YES;
				GCC_WARN_ABOUT_RETURN_TYPE = YES_ERROR;
				GCC_WARN_UNDECLARED_SELECTOR = YES;
				GCC_WARN_UNINITIALIZED_AUTOS = YES_AGGRESSIVE;
				GCC_WARN_UNUSED_FUNCTION = YES;
				GCC_WARN_UNUSED_VARIABLE = YES;
				IPHONEOS_DEPLOYMENT_TARGET = 15.0;
				MTL_ENABLE_DEBUG_INFO = INCLUDE_SOURCE;
				MTL_FAST_MATH = YES;
				ONLY_ACTIVE_ARCH = YES;
				SDKROOT = iphoneos;
				SWIFT_ACTIVE_COMPILATION_CONDITIONS = DEBUG;
				SWIFT_OPTIMIZATION_LEVEL = "-Onone";
			};
			name = Debug;
		};
		A7F2F50F2CA9A4280025A490 /* Release */ = {
			isa = XCBuildConfiguration;
			buildSettings = {
				ALWAYS_SEARCH_USER_PATHS = NO;
				CLANG_ANALYZER_NONNULL = YES;
				CLANG_ANALYZER_NUMBER_OBJECT_CONVERSION = YES_AGGRESSIVE;
				CLANG_CXX_LANGUAGE_STANDARD = "gnu++20";
				CLANG_ENABLE_MODULES = YES;
				CLANG_ENABLE_OBJC_ARC = YES;
				CLANG_ENABLE_OBJC_WEAK = YES;
				CLANG_WARN_BLOCK_CAPTURE_AUTORELEASING = YES;
				CLANG_WARN_BOOL_CONVERSION = YES;
				CLANG_WARN_COMMA = YES;
				CLANG_WARN_CONSTANT_CONVERSION = YES;
				CLANG_WARN_DEPRECATED_OBJC_IMPLEMENTATIONS = YES;
				CLANG_WARN_DIRECT_OBJC_ISA_USAGE = YES_ERROR;
				CLANG_WARN_DOCUMENTATION_COMMENTS = YES;
				CLANG_WARN_EMPTY_BODY = YES;
				CLANG_WARN_ENUM_CONVERSION = YES;
				CLANG_WARN_INFINITE_RECURSION = YES;
				CLANG_WARN_INT_CONVERSION = YES;
				CLANG_WARN_NON_LITERAL_NULL_CONVERSION = YES;
				CLANG_WARN_OBJC_IMPLICIT_RETAIN_SELF = YES;
				CLANG_WARN_OBJC_LITERAL_CONVERSION = YES;
				CLANG_WARN_OBJC_ROOT_CLASS = YES_ERROR;
				CLANG_WARN_QUOTED_INCLUDE_IN_FRAMEWORK_HEADER = YES;
				CLANG_WARN_RANGE_LOOP_ANALYSIS = YES;
				CLANG_WARN_STRICT_PROTOTYPES = YES;
				CLANG_WARN_SUSPICIOUS_MOVE = YES;
				CLANG_WARN_UNGUARDED_AVAILABILITY = YES_AGGRESSIVE;
				CLANG_WARN_UNREACHABLE_CODE = YES;
				CLANG_WARN__DUPLICATE_METHOD_MATCH = YES;
				COPY_PHASE_STRIP = NO;
				DEBUG_INFORMATION_FORMAT = "dwarf-with-dsym";
				ENABLE_NS_ASSERTIONS = NO;
				ENABLE_STRICT_OBJC_MSGSEND = YES;
				GCC_C_LANGUAGE_STANDARD = gnu11;
				GCC_NO_COMMON_BLOCKS = YES;
				GCC_WARN_64_TO_32_BIT_CONVERSION = YES;
				GCC_WARN_ABOUT_RETURN_TYPE = YES_ERROR;
				GCC_WARN_UNDECLARED_SELECTOR = YES;
				GCC_WARN_UNINITIALIZED_AUTOS = YES_AGGRESSIVE;
				GCC_WARN_UNUSED_FUNCTION = YES;
				GCC_WARN_UNUSED_VARIABLE = YES;
				IPHONEOS_DEPLOYMENT_TARGET = 15.0;
				MTL_ENABLE_DEBUG_INFO = NO;
				MTL_FAST_MATH = YES;
				SDKROOT = iphoneos;
				SWIFT_COMPILATION_MODE = wholemodule;
				SWIFT_OPTIMIZATION_LEVEL = "-O";
				VALIDATE_PRODUCT = YES;
			};
			name = Release;
		};
		A7F2F5112CA9A4280025A490 /* Debug */ = {
			isa = XCBuildConfiguration;
			buildSettings = {
				ASSETCATALOG_COMPILER_APPICON_NAME = AppIcon;
				ASSETCATALOG_COMPILER_GLOBAL_ACCENT_COLOR_NAME = AccentColor;
				CODE_SIGN_STYLE = Automatic;
				CURRENT_PROJECT_VERSION = 1;
				DEVELOPMENT_TEAM = 7YHTMAQADT;
				GENERATE_INFOPLIST_FILE = YES;
				INFOPLIST_FILE = TicTacToe/App/Info.plist;
				INFOPLIST_KEY_CFBundleDisplayName = "Tic Tac Toe";
				INFOPLIST_KEY_UIApplicationSupportsIndirectInputEvents = YES;
				INFOPLIST_KEY_UILaunchStoryboardName = LaunchScreen;
				INFOPLIST_KEY_UISupportedInterfaceOrientations = UIInterfaceOrientationPortrait;
				IPHONEOS_DEPLOYMENT_TARGET = 15.0;
				LD_RUNPATH_SEARCH_PATHS = (
					"$(inherited)",
					"@executable_path/Frameworks",
				);
				MARKETING_VERSION = 1.0;
				PRODUCT_BUNDLE_IDENTIFIER = "ru.valentina-popova.TicTacToe";
				PRODUCT_NAME = "$(TARGET_NAME)";
				SUPPORTED_PLATFORMS = "iphoneos iphonesimulator";
				SUPPORTS_MACCATALYST = NO;
				SUPPORTS_MAC_DESIGNED_FOR_IPHONE_IPAD = NO;
				SWIFT_EMIT_LOC_STRINGS = YES;
				SWIFT_VERSION = 5.0;
				TARGETED_DEVICE_FAMILY = 1;
			};
			name = Debug;
		};
		A7F2F5122CA9A4280025A490 /* Release */ = {
			isa = XCBuildConfiguration;
			buildSettings = {
				ASSETCATALOG_COMPILER_APPICON_NAME = AppIcon;
				ASSETCATALOG_COMPILER_GLOBAL_ACCENT_COLOR_NAME = AccentColor;
				CODE_SIGN_STYLE = Automatic;
				CURRENT_PROJECT_VERSION = 1;
				DEVELOPMENT_TEAM = 7YHTMAQADT;
				GENERATE_INFOPLIST_FILE = YES;
				INFOPLIST_FILE = TicTacToe/App/Info.plist;
				INFOPLIST_KEY_CFBundleDisplayName = "Tic Tac Toe";
				INFOPLIST_KEY_UIApplicationSupportsIndirectInputEvents = YES;
				INFOPLIST_KEY_UILaunchStoryboardName = LaunchScreen;
				INFOPLIST_KEY_UISupportedInterfaceOrientations = UIInterfaceOrientationPortrait;
				IPHONEOS_DEPLOYMENT_TARGET = 15.0;
				LD_RUNPATH_SEARCH_PATHS = (
					"$(inherited)",
					"@executable_path/Frameworks",
				);
				MARKETING_VERSION = 1.0;
				PRODUCT_BUNDLE_IDENTIFIER = "ru.valentina-popova.TicTacToe";
				PRODUCT_NAME = "$(TARGET_NAME)";
				SUPPORTED_PLATFORMS = "iphoneos iphonesimulator";
				SUPPORTS_MACCATALYST = NO;
				SUPPORTS_MAC_DESIGNED_FOR_IPHONE_IPAD = NO;
				SWIFT_EMIT_LOC_STRINGS = YES;
				SWIFT_VERSION = 5.0;
				TARGETED_DEVICE_FAMILY = 1;
			};
			name = Release;
		};
/* End XCBuildConfiguration section */

/* Begin XCConfigurationList section */
		A7F2F4F72CA9A4240025A490 /* Build configuration list for PBXProject "TicTacToe" */ = {
			isa = XCConfigurationList;
			buildConfigurations = (
				A7F2F50E2CA9A4280025A490 /* Debug */,
				A7F2F50F2CA9A4280025A490 /* Release */,
			);
			defaultConfigurationIsVisible = 0;
			defaultConfigurationName = Release;
		};
		A7F2F5102CA9A4280025A490 /* Build configuration list for PBXNativeTarget "TicTacToe" */ = {
			isa = XCConfigurationList;
			buildConfigurations = (
				A7F2F5112CA9A4280025A490 /* Debug */,
				A7F2F5122CA9A4280025A490 /* Release */,
			);
			defaultConfigurationIsVisible = 0;
			defaultConfigurationName = Release;
		};
/* End XCConfigurationList section */
	};
	rootObject = A7F2F4F42CA9A4240025A490 /* Project object */;
}
